
Microsoft Visual Studio Solution File, Format Version 12.00
# Visual Studio Version 16
VisualStudioVersion = 16.0.30114.105
MinimumVisualStudioVersion = 10.0.40219.1
Project("{FAE04EC0-301F-11D3-BF4B-00C04F79EFBC}") = "AppSettingsDependencyInjectionDemo", "AppSettingsDependencyInjectionDemo\AppSettingsDependencyInjectionDemo.csproj", "{714568D3-B526-46AD-9F09-1A913CD3CA43}"
EndProject
Global
	GlobalSection(SolutionConfigurationPlatforms) = preSolution
		Debug|Any CPU = Debug|Any CPU
		Release|Any CPU = Release|Any CPU
	EndGlobalSection
	GlobalSection(SolutionProperties) = preSolution
		HideSolutionNode = FALSE
	EndGlobalSection
	GlobalSection(ProjectConfigurationPlatforms) = postSolution
		{714568D3-B526-46AD-9F09-1A913CD3CA43}.Debug|Any CPU.ActiveCfg = Debug|Any CPU
		{714568D3-B526-46AD-9F09-1A913CD3CA43}.Debug|Any CPU.Build.0 = Debug|Any CPU
		{714568D3-B526-46AD-9F09-1A913CD3CA43}.Release|Any CPU.ActiveCfg = Release|Any CPU
		{714568D3-B526-46AD-9F09-1A913CD3CA43}.Release|Any CPU.Build.0 = Release|Any CPU
	EndGlobalSection
EndGlobal
